// !$*UTF8*$!
{
	archiveVersion = 1;
	classes = {
	};
	objectVersion = 56;
	objects = {

/* Begin PBXBuildFile section */
		0DC96F732BCA37E70007C2EE /* AppDelegate.swift in Sources */ = {isa = PBXBuildFile; fileRef = 0DC96F722BCA37E70007C2EE /* AppDelegate.swift */; };
		0DC96F752BCA37E70007C2EE /* SceneDelegate.swift in Sources */ = {isa = PBXBuildFile; fileRef = 0DC96F742BCA37E70007C2EE /* SceneDelegate.swift */; };
		0DC96F7C2BCA37E80007C2EE /* Assets.xcassets in Resources */ = {isa = PBXBuildFile; fileRef = 0DC96F7B2BCA37E80007C2EE /* Assets.xcassets */; };
		0DC96F7F2BCA37E80007C2EE /* Base in Resources */ = {isa = PBXBuildFile; fileRef = 0DC96F7E2BCA37E80007C2EE /* Base */; };
		0DC96F912BCA3F460007C2EE /* HomeViewController.swift in Sources */ = {isa = PBXBuildFile; fileRef = 0DC96F902BCA3F460007C2EE /* HomeViewController.swift */; };
		0DC96F962BCA51320007C2EE /* SnapKit in Frameworks */ = {isa = PBXBuildFile; productRef = 0DC96F952BCA51320007C2EE /* SnapKit */; };
		0DC96F992BCA513F0007C2EE /* Then in Frameworks */ = {isa = PBXBuildFile; productRef = 0DC96F982BCA513F0007C2EE /* Then */; };
		0DC96F9C2BCA51B70007C2EE /* CombineMoya in Frameworks */ = {isa = PBXBuildFile; productRef = 0DC96F9B2BCA51B70007C2EE /* CombineMoya */; };
		0DC96F9E2BCA51B70007C2EE /* Moya in Frameworks */ = {isa = PBXBuildFile; productRef = 0DC96F9D2BCA51B70007C2EE /* Moya */; };
		0DC96FA62BCA58540007C2EE /* MainTabBarController.swift in Sources */ = {isa = PBXBuildFile; fileRef = 0DC96FA52BCA58540007C2EE /* MainTabBarController.swift */; };
		0DC96FA82BCA5CF60007C2EE /* MainTab.swift in Sources */ = {isa = PBXBuildFile; fileRef = 0DC96FA72BCA5CF60007C2EE /* MainTab.swift */; };
		0DC96FAF2BCA64210007C2EE /* EnterNicknameViewController.swift in Sources */ = {isa = PBXBuildFile; fileRef = 0DC96FAE2BCA64210007C2EE /* EnterNicknameViewController.swift */; };
		0DC96FB22BCA67610007C2EE /* UIButton+.swift in Sources */ = {isa = PBXBuildFile; fileRef = 0DC96FB12BCA67610007C2EE /* UIButton+.swift */; };
		0DC96FB52BCA691B0007C2EE /* RootController.swift in Sources */ = {isa = PBXBuildFile; fileRef = 0DC96FB42BCA691B0007C2EE /* RootController.swift */; };
		0DC96FB72BCA698A0007C2EE /* UserDefaults+Database.swift in Sources */ = {isa = PBXBuildFile; fileRef = 0DC96FB62BCA698A0007C2EE /* UserDefaults+Database.swift */; };
		0DC96FB92BCA69AC0007C2EE /* LocalStorage+Key.swift in Sources */ = {isa = PBXBuildFile; fileRef = 0DC96FB82BCA69AC0007C2EE /* LocalStorage+Key.swift */; };
		0DC96FBB2BCA69DA0007C2EE /* LocalStorage+Database.swift in Sources */ = {isa = PBXBuildFile; fileRef = 0DC96FBA2BCA69DA0007C2EE /* LocalStorage+Database.swift */; };
		0DC96FBE2BCA6A8E0007C2EE /* String+.swift in Sources */ = {isa = PBXBuildFile; fileRef = 0DC96FBD2BCA6A8E0007C2EE /* String+.swift */; };
		0DC96FC02BCA6C140007C2EE /* UIImage+.swift in Sources */ = {isa = PBXBuildFile; fileRef = 0DC96FBF2BCA6C140007C2EE /* UIImage+.swift */; };
		0DC96FC22BCA6D5F0007C2EE /* UIConstants.swift in Sources */ = {isa = PBXBuildFile; fileRef = 0DC96FC12BCA6D5F0007C2EE /* UIConstants.swift */; };
		0DC96FC42BCA6D6A0007C2EE /* UIWindow+.swift in Sources */ = {isa = PBXBuildFile; fileRef = 0DC96FC32BCA6D6A0007C2EE /* UIWindow+.swift */; };
		0DC96FC72BCA6FBF0007C2EE /* EditMoimViewController.swift in Sources */ = {isa = PBXBuildFile; fileRef = 0DC96FC62BCA6FBF0007C2EE /* EditMoimViewController.swift */; };
		0DC96FD82BCA79240007C2EE /* NetworkError.swift in Sources */ = {isa = PBXBuildFile; fileRef = 0DC96FCB2BCA79240007C2EE /* NetworkError.swift */; };
		0DC96FD92BCA79240007C2EE /* NetworkProtocol.swift in Sources */ = {isa = PBXBuildFile; fileRef = 0DC96FCC2BCA79240007C2EE /* NetworkProtocol.swift */; };
		0DC96FDA2BCA79240007C2EE /* Request.swift in Sources */ = {isa = PBXBuildFile; fileRef = 0DC96FCD2BCA79240007C2EE /* Request.swift */; };
		0DC96FDB2BCA79240007C2EE /* Response.swift in Sources */ = {isa = PBXBuildFile; fileRef = 0DC96FCE2BCA79240007C2EE /* Response.swift */; };
		0DC96FDC2BCA79240007C2EE /* loading.json in Resources */ = {isa = PBXBuildFile; fileRef = 0DC96FD12BCA79240007C2EE /* loading.json */; };
		0DC96FDD2BCA79240007C2EE /* LoadingIndicator.swift in Sources */ = {isa = PBXBuildFile; fileRef = 0DC96FD32BCA79240007C2EE /* LoadingIndicator.swift */; };
		0DC96FDE2BCA79240007C2EE /* Network.swift in Sources */ = {isa = PBXBuildFile; fileRef = 0DC96FD42BCA79240007C2EE /* Network.swift */; };
		0DC96FE52BCA7A1E0007C2EE /* Lottie in Frameworks */ = {isa = PBXBuildFile; productRef = 0DC96FE42BCA7A1E0007C2EE /* Lottie */; };
		0DC96FEA2BCA7ADD0007C2EE /* EnterNicknameRequest.swift in Sources */ = {isa = PBXBuildFile; fileRef = 0DC96FE92BCA7ADD0007C2EE /* EnterNicknameRequest.swift */; };
		0DC96FEC2BCA803C0007C2EE /* BaseURL.swift in Sources */ = {isa = PBXBuildFile; fileRef = 0DC96FEB2BCA803C0007C2EE /* BaseURL.swift */; };
/* End PBXBuildFile section */

/* Begin PBXFileReference section */
		0DC96F6F2BCA37E70007C2EE /* MoMo.app */ = {isa = PBXFileReference; explicitFileType = wrapper.application; includeInIndex = 0; path = MoMo.app; sourceTree = BUILT_PRODUCTS_DIR; };
		0DC96F722BCA37E70007C2EE /* AppDelegate.swift */ = {isa = PBXFileReference; lastKnownFileType = sourcecode.swift; path = AppDelegate.swift; sourceTree = "<group>"; };
		0DC96F742BCA37E70007C2EE /* SceneDelegate.swift */ = {isa = PBXFileReference; lastKnownFileType = sourcecode.swift; path = SceneDelegate.swift; sourceTree = "<group>"; };
		0DC96F7B2BCA37E80007C2EE /* Assets.xcassets */ = {isa = PBXFileReference; lastKnownFileType = folder.assetcatalog; path = Assets.xcassets; sourceTree = "<group>"; };
		0DC96F7E2BCA37E80007C2EE /* Base */ = {isa = PBXFileReference; lastKnownFileType = file.storyboard; name = Base; path = Base.lproj/LaunchScreen.storyboard; sourceTree = "<group>"; };
		0DC96F802BCA37E80007C2EE /* Info.plist */ = {isa = PBXFileReference; lastKnownFileType = text.plist.xml; path = Info.plist; sourceTree = "<group>"; };
		0DC96F902BCA3F460007C2EE /* HomeViewController.swift */ = {isa = PBXFileReference; lastKnownFileType = sourcecode.swift; path = HomeViewController.swift; sourceTree = "<group>"; };
		0DC96FA52BCA58540007C2EE /* MainTabBarController.swift */ = {isa = PBXFileReference; lastKnownFileType = sourcecode.swift; path = MainTabBarController.swift; sourceTree = "<group>"; };
		0DC96FA72BCA5CF60007C2EE /* MainTab.swift */ = {isa = PBXFileReference; lastKnownFileType = sourcecode.swift; path = MainTab.swift; sourceTree = "<group>"; };
		0DC96FAE2BCA64210007C2EE /* EnterNicknameViewController.swift */ = {isa = PBXFileReference; lastKnownFileType = sourcecode.swift; path = EnterNicknameViewController.swift; sourceTree = "<group>"; };
		0DC96FB12BCA67610007C2EE /* UIButton+.swift */ = {isa = PBXFileReference; lastKnownFileType = sourcecode.swift; path = "UIButton+.swift"; sourceTree = "<group>"; };
		0DC96FB42BCA691B0007C2EE /* RootController.swift */ = {isa = PBXFileReference; lastKnownFileType = sourcecode.swift; path = RootController.swift; sourceTree = "<group>"; };
		0DC96FB62BCA698A0007C2EE /* UserDefaults+Database.swift */ = {isa = PBXFileReference; lastKnownFileType = sourcecode.swift; path = "UserDefaults+Database.swift"; sourceTree = "<group>"; };
		0DC96FB82BCA69AC0007C2EE /* LocalStorage+Key.swift */ = {isa = PBXFileReference; lastKnownFileType = sourcecode.swift; path = "LocalStorage+Key.swift"; sourceTree = "<group>"; };
		0DC96FBA2BCA69DA0007C2EE /* LocalStorage+Database.swift */ = {isa = PBXFileReference; lastKnownFileType = sourcecode.swift; path = "LocalStorage+Database.swift"; sourceTree = "<group>"; };
		0DC96FBD2BCA6A8E0007C2EE /* String+.swift */ = {isa = PBXFileReference; lastKnownFileType = sourcecode.swift; path = "String+.swift"; sourceTree = "<group>"; };
		0DC96FBF2BCA6C140007C2EE /* UIImage+.swift */ = {isa = PBXFileReference; lastKnownFileType = sourcecode.swift; path = "UIImage+.swift"; sourceTree = "<group>"; };
		0DC96FC12BCA6D5F0007C2EE /* UIConstants.swift */ = {isa = PBXFileReference; lastKnownFileType = sourcecode.swift; path = UIConstants.swift; sourceTree = "<group>"; };
		0DC96FC32BCA6D6A0007C2EE /* UIWindow+.swift */ = {isa = PBXFileReference; lastKnownFileType = sourcecode.swift; path = "UIWindow+.swift"; sourceTree = "<group>"; };
		0DC96FC62BCA6FBF0007C2EE /* EditMoimViewController.swift */ = {isa = PBXFileReference; lastKnownFileType = sourcecode.swift; path = EditMoimViewController.swift; sourceTree = "<group>"; };
		0DC96FCB2BCA79240007C2EE /* NetworkError.swift */ = {isa = PBXFileReference; fileEncoding = 4; lastKnownFileType = sourcecode.swift; path = NetworkError.swift; sourceTree = "<group>"; };
		0DC96FCC2BCA79240007C2EE /* NetworkProtocol.swift */ = {isa = PBXFileReference; fileEncoding = 4; lastKnownFileType = sourcecode.swift; path = NetworkProtocol.swift; sourceTree = "<group>"; };
		0DC96FCD2BCA79240007C2EE /* Request.swift */ = {isa = PBXFileReference; fileEncoding = 4; lastKnownFileType = sourcecode.swift; path = Request.swift; sourceTree = "<group>"; };
		0DC96FCE2BCA79240007C2EE /* Response.swift */ = {isa = PBXFileReference; fileEncoding = 4; lastKnownFileType = sourcecode.swift; path = Response.swift; sourceTree = "<group>"; };
		0DC96FD12BCA79240007C2EE /* loading.json */ = {isa = PBXFileReference; fileEncoding = 4; lastKnownFileType = text.json; path = loading.json; sourceTree = "<group>"; };
		0DC96FD32BCA79240007C2EE /* LoadingIndicator.swift */ = {isa = PBXFileReference; fileEncoding = 4; lastKnownFileType = sourcecode.swift; path = LoadingIndicator.swift; sourceTree = "<group>"; };
		0DC96FD42BCA79240007C2EE /* Network.swift */ = {isa = PBXFileReference; fileEncoding = 4; lastKnownFileType = sourcecode.swift; path = Network.swift; sourceTree = "<group>"; };
		0DC96FE92BCA7ADD0007C2EE /* EnterNicknameRequest.swift */ = {isa = PBXFileReference; lastKnownFileType = sourcecode.swift; path = EnterNicknameRequest.swift; sourceTree = "<group>"; };
		0DC96FEB2BCA803C0007C2EE /* BaseURL.swift */ = {isa = PBXFileReference; lastKnownFileType = sourcecode.swift; path = BaseURL.swift; sourceTree = "<group>"; };
/* End PBXFileReference section */

/* Begin PBXFrameworksBuildPhase section */
		0DC96F6C2BCA37E70007C2EE /* Frameworks */ = {
			isa = PBXFrameworksBuildPhase;
			buildActionMask = 2147483647;
			files = (
				0DC96FE52BCA7A1E0007C2EE /* Lottie in Frameworks */,
				0DC96F962BCA51320007C2EE /* SnapKit in Frameworks */,
				0DC96F992BCA513F0007C2EE /* Then in Frameworks */,
				0DC96F9E2BCA51B70007C2EE /* Moya in Frameworks */,
				0DC96F9C2BCA51B70007C2EE /* CombineMoya in Frameworks */,
			);
			runOnlyForDeploymentPostprocessing = 0;
		};
/* End PBXFrameworksBuildPhase section */

/* Begin PBXGroup section */
		0DC96F662BCA37E70007C2EE = {
			isa = PBXGroup;
			children = (
				0DC96F712BCA37E70007C2EE /* MoMo */,
				0DC96F702BCA37E70007C2EE /* Products */,
			);
			sourceTree = "<group>";
		};
		0DC96F702BCA37E70007C2EE /* Products */ = {
			isa = PBXGroup;
			children = (
				0DC96F6F2BCA37E70007C2EE /* MoMo.app */,
			);
			name = Products;
			sourceTree = "<group>";
		};
		0DC96F712BCA37E70007C2EE /* MoMo */ = {
			isa = PBXGroup;
			children = (
				0DC96F882BCA3EE30007C2EE /* Resource */,
				0DC96F872BCA3EE00007C2EE /* Source */,
			);
			path = MoMo;
			sourceTree = "<group>";
		};
		0DC96F872BCA3EE00007C2EE /* Source */ = {
			isa = PBXGroup;
			children = (
				0DC96F922BCA41410007C2EE /* App */,
				0DC96F8A2BCA3F040007C2EE /* Core */,
				0DC96F892BCA3EFE0007C2EE /* Scene */,
				0DC96FB02BCA675A0007C2EE /* Util */,
			);
			path = Source;
			sourceTree = "<group>";
		};
		0DC96F882BCA3EE30007C2EE /* Resource */ = {
			isa = PBXGroup;
			children = (
				0DC96F7B2BCA37E80007C2EE /* Assets.xcassets */,
				0DC96F7D2BCA37E80007C2EE /* LaunchScreen.storyboard */,
				0DC96F802BCA37E80007C2EE /* Info.plist */,
			);
			path = Resource;
			sourceTree = "<group>";
		};
		0DC96F892BCA3EFE0007C2EE /* Scene */ = {
			isa = PBXGroup;
			children = (
				0DC96FC52BCA6F9D0007C2EE /* EditMoim */,
				0DC96FB32BCA69130007C2EE /* Root */,
				0DC96FAD2BCA64140007C2EE /* Nickname */,
				0DC96FA42BCA58280007C2EE /* Tab */,
				0DC96F8F2BCA3F1E0007C2EE /* Home */,
			);
			path = Scene;
			sourceTree = "<group>";
		};
		0DC96F8A2BCA3F040007C2EE /* Core */ = {
			isa = PBXGroup;
			children = (
				0DC96FD62BCA79240007C2EE /* Network */,
				0DC96FD02BCA79240007C2EE /* NetworkProtocol */,
			);
			path = Core;
			sourceTree = "<group>";
		};
		0DC96F8F2BCA3F1E0007C2EE /* Home */ = {
			isa = PBXGroup;
			children = (
				0DC96F902BCA3F460007C2EE /* HomeViewController.swift */,
			);
			path = Home;
			sourceTree = "<group>";
		};
		0DC96F922BCA41410007C2EE /* App */ = {
			isa = PBXGroup;
			children = (
				0DC96F722BCA37E70007C2EE /* AppDelegate.swift */,
				0DC96F742BCA37E70007C2EE /* SceneDelegate.swift */,
			);
			path = App;
			sourceTree = "<group>";
		};
		0DC96FA42BCA58280007C2EE /* Tab */ = {
			isa = PBXGroup;
			children = (
				0DC96FA72BCA5CF60007C2EE /* MainTab.swift */,
				0DC96FA52BCA58540007C2EE /* MainTabBarController.swift */,
			);
			path = Tab;
			sourceTree = "<group>";
		};
		0DC96FAD2BCA64140007C2EE /* Nickname */ = {
			isa = PBXGroup;
			children = (
				0DC96FAE2BCA64210007C2EE /* EnterNicknameViewController.swift */,
				0DC96FE92BCA7ADD0007C2EE /* EnterNicknameRequest.swift */,
			);
			path = Nickname;
			sourceTree = "<group>";
		};
		0DC96FB02BCA675A0007C2EE /* Util */ = {
			isa = PBXGroup;
			children = (
				0DC96FE32BCA799F0007C2EE /* Foundation+ */,
				0DC96FE22BCA79920007C2EE /* UIKit+ */,
				0DC96FBC2BCA69E80007C2EE /* LocalStorage */,
			);
			path = Util;
			sourceTree = "<group>";
		};
		0DC96FB32BCA69130007C2EE /* Root */ = {
			isa = PBXGroup;
			children = (
				0DC96FB42BCA691B0007C2EE /* RootController.swift */,
			);
			path = Root;
			sourceTree = "<group>";
		};
		0DC96FBC2BCA69E80007C2EE /* LocalStorage */ = {
			isa = PBXGroup;
			children = (
				0DC96FB62BCA698A0007C2EE /* UserDefaults+Database.swift */,
				0DC96FBA2BCA69DA0007C2EE /* LocalStorage+Database.swift */,
				0DC96FB82BCA69AC0007C2EE /* LocalStorage+Key.swift */,
			);
			path = LocalStorage;
			sourceTree = "<group>";
		};
		0DC96FC52BCA6F9D0007C2EE /* EditMoim */ = {
			isa = PBXGroup;
			children = (
				0DC96FC62BCA6FBF0007C2EE /* EditMoimViewController.swift */,
			);
			path = EditMoim;
			sourceTree = "<group>";
		};
		0DC96FD02BCA79240007C2EE /* NetworkProtocol */ = {
			isa = PBXGroup;
			children = (
				0DC96FCB2BCA79240007C2EE /* NetworkError.swift */,
				0DC96FCC2BCA79240007C2EE /* NetworkProtocol.swift */,
				0DC96FCD2BCA79240007C2EE /* Request.swift */,
				0DC96FCE2BCA79240007C2EE /* Response.swift */,
			);
			path = NetworkProtocol;
			sourceTree = "<group>";
		};
		0DC96FD62BCA79240007C2EE /* Network */ = {
			isa = PBXGroup;
			children = (
				0DC96FD12BCA79240007C2EE /* loading.json */,
				0DC96FD32BCA79240007C2EE /* LoadingIndicator.swift */,
				0DC96FD42BCA79240007C2EE /* Network.swift */,
				0DC96FEB2BCA803C0007C2EE /* BaseURL.swift */,
			);
			path = Network;
			sourceTree = "<group>";
		};
		0DC96FE22BCA79920007C2EE /* UIKit+ */ = {
			isa = PBXGroup;
			children = (
				0DC96FB12BCA67610007C2EE /* UIButton+.swift */,
				0DC96FBF2BCA6C140007C2EE /* UIImage+.swift */,
				0DC96FC12BCA6D5F0007C2EE /* UIConstants.swift */,
				0DC96FC32BCA6D6A0007C2EE /* UIWindow+.swift */,
			);
			path = "UIKit+";
			sourceTree = "<group>";
		};
		0DC96FE32BCA799F0007C2EE /* Foundation+ */ = {
			isa = PBXGroup;
			children = (
				0DC96FBD2BCA6A8E0007C2EE /* String+.swift */,
			);
			path = "Foundation+";
			sourceTree = "<group>";
		};
/* End PBXGroup section */

/* Begin PBXNativeTarget section */
		0DC96F6E2BCA37E70007C2EE /* MoMo */ = {
			isa = PBXNativeTarget;
			buildConfigurationList = 0DC96F832BCA37E80007C2EE /* Build configuration list for PBXNativeTarget "MoMo" */;
			buildPhases = (
				0DC96F6B2BCA37E70007C2EE /* Sources */,
				0DC96F6C2BCA37E70007C2EE /* Frameworks */,
				0DC96F6D2BCA37E70007C2EE /* Resources */,
			);
			buildRules = (
			);
			dependencies = (
			);
			name = MoMo;
			packageProductDependencies = (
				0DC96F952BCA51320007C2EE /* SnapKit */,
				0DC96F982BCA513F0007C2EE /* Then */,
				0DC96F9B2BCA51B70007C2EE /* CombineMoya */,
				0DC96F9D2BCA51B70007C2EE /* Moya */,
				0DC96FE42BCA7A1E0007C2EE /* Lottie */,
			);
			productName = MoMo;
			productReference = 0DC96F6F2BCA37E70007C2EE /* MoMo.app */;
			productType = "com.apple.product-type.application";
		};
/* End PBXNativeTarget section */

/* Begin PBXProject section */
		0DC96F672BCA37E70007C2EE /* Project object */ = {
			isa = PBXProject;
			attributes = {
				BuildIndependentTargetsInParallel = 1;
				LastSwiftUpdateCheck = 1530;
				LastUpgradeCheck = 1530;
				TargetAttributes = {
					0DC96F6E2BCA37E70007C2EE = {
						CreatedOnToolsVersion = 15.3;
					};
				};
			};
			buildConfigurationList = 0DC96F6A2BCA37E70007C2EE /* Build configuration list for PBXProject "MoMo" */;
			compatibilityVersion = "Xcode 14.0";
			developmentRegion = en;
			hasScannedForEncodings = 0;
			knownRegions = (
				en,
				Base,
			);
			mainGroup = 0DC96F662BCA37E70007C2EE;
			packageReferences = (
				0DC96F942BCA51320007C2EE /* XCRemoteSwiftPackageReference "SnapKit" */,
				0DC96F972BCA513F0007C2EE /* XCRemoteSwiftPackageReference "Then" */,
				0DC96F9A2BCA51B70007C2EE /* XCRemoteSwiftPackageReference "Moya" */,
				0DC96FDF2BCA79590007C2EE /* XCRemoteSwiftPackageReference "lottie-ios" */,
			);
			productRefGroup = 0DC96F702BCA37E70007C2EE /* Products */;
			projectDirPath = "";
			projectRoot = "";
			targets = (
				0DC96F6E2BCA37E70007C2EE /* MoMo */,
			);
		};
/* End PBXProject section */

/* Begin PBXResourcesBuildPhase section */
		0DC96F6D2BCA37E70007C2EE /* Resources */ = {
			isa = PBXResourcesBuildPhase;
			buildActionMask = 2147483647;
			files = (
				0DC96F7C2BCA37E80007C2EE /* Assets.xcassets in Resources */,
				0DC96F7F2BCA37E80007C2EE /* Base in Resources */,
				0DC96FDC2BCA79240007C2EE /* loading.json in Resources */,
			);
			runOnlyForDeploymentPostprocessing = 0;
		};
/* End PBXResourcesBuildPhase section */

/* Begin PBXSourcesBuildPhase section */
		0DC96F6B2BCA37E70007C2EE /* Sources */ = {
			isa = PBXSourcesBuildPhase;
			buildActionMask = 2147483647;
			files = (
				0DC96FEA2BCA7ADD0007C2EE /* EnterNicknameRequest.swift in Sources */,
				0DC96FDD2BCA79240007C2EE /* LoadingIndicator.swift in Sources */,
				0DC96F912BCA3F460007C2EE /* HomeViewController.swift in Sources */,
				0DC96FDE2BCA79240007C2EE /* Network.swift in Sources */,
				0DC96FBB2BCA69DA0007C2EE /* LocalStorage+Database.swift in Sources */,
				0DC96FB22BCA67610007C2EE /* UIButton+.swift in Sources */,
				0DC96FC22BCA6D5F0007C2EE /* UIConstants.swift in Sources */,
				0DC96FDA2BCA79240007C2EE /* Request.swift in Sources */,
				0DC96FA62BCA58540007C2EE /* MainTabBarController.swift in Sources */,
				0DC96FB92BCA69AC0007C2EE /* LocalStorage+Key.swift in Sources */,
				0DC96F732BCA37E70007C2EE /* AppDelegate.swift in Sources */,
				0DC96FB72BCA698A0007C2EE /* UserDefaults+Database.swift in Sources */,
				0DC96F752BCA37E70007C2EE /* SceneDelegate.swift in Sources */,
				0DC96FA82BCA5CF60007C2EE /* MainTab.swift in Sources */,
				0DC96FEC2BCA803C0007C2EE /* BaseURL.swift in Sources */,
				0DC96FD92BCA79240007C2EE /* NetworkProtocol.swift in Sources */,
				0DC96FC02BCA6C140007C2EE /* UIImage+.swift in Sources */,
				0DC96FAF2BCA64210007C2EE /* EnterNicknameViewController.swift in Sources */,
				0DC96FBE2BCA6A8E0007C2EE /* String+.swift in Sources */,
				0DC96FB52BCA691B0007C2EE /* RootController.swift in Sources */,
				0DC96FDB2BCA79240007C2EE /* Response.swift in Sources */,
				0DC96FC72BCA6FBF0007C2EE /* EditMoimViewController.swift in Sources */,
				0DC96FC42BCA6D6A0007C2EE /* UIWindow+.swift in Sources */,
				0DC96FD82BCA79240007C2EE /* NetworkError.swift in Sources */,
			);
			runOnlyForDeploymentPostprocessing = 0;
		};
/* End PBXSourcesBuildPhase section */

/* Begin PBXVariantGroup section */
		0DC96F7D2BCA37E80007C2EE /* LaunchScreen.storyboard */ = {
			isa = PBXVariantGroup;
			children = (
				0DC96F7E2BCA37E80007C2EE /* Base */,
			);
			name = LaunchScreen.storyboard;
			sourceTree = "<group>";
		};
/* End PBXVariantGroup section */

/* Begin XCBuildConfiguration section */
		0DC96F812BCA37E80007C2EE /* Debug */ = {
			isa = XCBuildConfiguration;
			buildSettings = {
				ALWAYS_SEARCH_USER_PATHS = NO;
				ASSETCATALOG_COMPILER_GENERATE_SWIFT_ASSET_SYMBOL_EXTENSIONS = YES;
				CLANG_ANALYZER_NONNULL = YES;
				CLANG_ANALYZER_NUMBER_OBJECT_CONVERSION = YES_AGGRESSIVE;
				CLANG_CXX_LANGUAGE_STANDARD = "gnu++20";
				CLANG_ENABLE_MODULES = YES;
				CLANG_ENABLE_OBJC_ARC = YES;
				CLANG_ENABLE_OBJC_WEAK = YES;
				CLANG_WARN_BLOCK_CAPTURE_AUTORELEASING = YES;
				CLANG_WARN_BOOL_CONVERSION = YES;
				CLANG_WARN_COMMA = YES;
				CLANG_WARN_CONSTANT_CONVERSION = YES;
				CLANG_WARN_DEPRECATED_OBJC_IMPLEMENTATIONS = YES;
				CLANG_WARN_DIRECT_OBJC_ISA_USAGE = YES_ERROR;
				CLANG_WARN_DOCUMENTATION_COMMENTS = YES;
				CLANG_WARN_EMPTY_BODY = YES;
				CLANG_WARN_ENUM_CONVERSION = YES;
				CLANG_WARN_INFINITE_RECURSION = YES;
				CLANG_WARN_INT_CONVERSION = YES;
				CLANG_WARN_NON_LITERAL_NULL_CONVERSION = YES;
				CLANG_WARN_OBJC_IMPLICIT_RETAIN_SELF = YES;
				CLANG_WARN_OBJC_LITERAL_CONVERSION = YES;
				CLANG_WARN_OBJC_ROOT_CLASS = YES_ERROR;
				CLANG_WARN_QUOTED_INCLUDE_IN_FRAMEWORK_HEADER = YES;
				CLANG_WARN_RANGE_LOOP_ANALYSIS = YES;
				CLANG_WARN_STRICT_PROTOTYPES = YES;
				CLANG_WARN_SUSPICIOUS_MOVE = YES;
				CLANG_WARN_UNGUARDED_AVAILABILITY = YES_AGGRESSIVE;
				CLANG_WARN_UNREACHABLE_CODE = YES;
				CLANG_WARN__DUPLICATE_METHOD_MATCH = YES;
				COPY_PHASE_STRIP = NO;
				DEBUG_INFORMATION_FORMAT = dwarf;
				ENABLE_STRICT_OBJC_MSGSEND = YES;
				ENABLE_TESTABILITY = YES;
				ENABLE_USER_SCRIPT_SANDBOXING = YES;
				GCC_C_LANGUAGE_STANDARD = gnu17;
				GCC_DYNAMIC_NO_PIC = NO;
				GCC_NO_COMMON_BLOCKS = YES;
				GCC_OPTIMIZATION_LEVEL = 0;
				GCC_PREPROCESSOR_DEFINITIONS = (
					"DEBUG=1",
					"$(inherited)",
				);
				GCC_WARN_64_TO_32_BIT_CONVERSION = YES;
				GCC_WARN_ABOUT_RETURN_TYPE = YES_ERROR;
				GCC_WARN_UNDECLARED_SELECTOR = YES;
				GCC_WARN_UNINITIALIZED_AUTOS = YES_AGGRESSIVE;
				GCC_WARN_UNUSED_FUNCTION = YES;
				GCC_WARN_UNUSED_VARIABLE = YES;
				IPHONEOS_DEPLOYMENT_TARGET = 17.4;
				LOCALIZATION_PREFERS_STRING_CATALOGS = YES;
				MTL_ENABLE_DEBUG_INFO = INCLUDE_SOURCE;
				MTL_FAST_MATH = YES;
				ONLY_ACTIVE_ARCH = YES;
				SDKROOT = iphoneos;
				SWIFT_ACTIVE_COMPILATION_CONDITIONS = "DEBUG $(inherited)";
				SWIFT_OPTIMIZATION_LEVEL = "-Onone";
			};
			name = Debug;
		};
		0DC96F822BCA37E80007C2EE /* Release */ = {
			isa = XCBuildConfiguration;
			buildSettings = {
				ALWAYS_SEARCH_USER_PATHS = NO;
				ASSETCATALOG_COMPILER_GENERATE_SWIFT_ASSET_SYMBOL_EXTENSIONS = YES;
				CLANG_ANALYZER_NONNULL = YES;
				CLANG_ANALYZER_NUMBER_OBJECT_CONVERSION = YES_AGGRESSIVE;
				CLANG_CXX_LANGUAGE_STANDARD = "gnu++20";
				CLANG_ENABLE_MODULES = YES;
				CLANG_ENABLE_OBJC_ARC = YES;
				CLANG_ENABLE_OBJC_WEAK = YES;
				CLANG_WARN_BLOCK_CAPTURE_AUTORELEASING = YES;
				CLANG_WARN_BOOL_CONVERSION = YES;
				CLANG_WARN_COMMA = YES;
				CLANG_WARN_CONSTANT_CONVERSION = YES;
				CLANG_WARN_DEPRECATED_OBJC_IMPLEMENTATIONS = YES;
				CLANG_WARN_DIRECT_OBJC_ISA_USAGE = YES_ERROR;
				CLANG_WARN_DOCUMENTATION_COMMENTS = YES;
				CLANG_WARN_EMPTY_BODY = YES;
				CLANG_WARN_ENUM_CONVERSION = YES;
				CLANG_WARN_INFINITE_RECURSION = YES;
				CLANG_WARN_INT_CONVERSION = YES;
				CLANG_WARN_NON_LITERAL_NULL_CONVERSION = YES;
				CLANG_WARN_OBJC_IMPLICIT_RETAIN_SELF = YES;
				CLANG_WARN_OBJC_LITERAL_CONVERSION = YES;
				CLANG_WARN_OBJC_ROOT_CLASS = YES_ERROR;
				CLANG_WARN_QUOTED_INCLUDE_IN_FRAMEWORK_HEADER = YES;
				CLANG_WARN_RANGE_LOOP_ANALYSIS = YES;
				CLANG_WARN_STRICT_PROTOTYPES = YES;
				CLANG_WARN_SUSPICIOUS_MOVE = YES;
				CLANG_WARN_UNGUARDED_AVAILABILITY = YES_AGGRESSIVE;
				CLANG_WARN_UNREACHABLE_CODE = YES;
				CLANG_WARN__DUPLICATE_METHOD_MATCH = YES;
				COPY_PHASE_STRIP = NO;
				DEBUG_INFORMATION_FORMAT = "dwarf-with-dsym";
				ENABLE_NS_ASSERTIONS = NO;
				ENABLE_STRICT_OBJC_MSGSEND = YES;
				ENABLE_USER_SCRIPT_SANDBOXING = YES;
				GCC_C_LANGUAGE_STANDARD = gnu17;
				GCC_NO_COMMON_BLOCKS = YES;
				GCC_WARN_64_TO_32_BIT_CONVERSION = YES;
				GCC_WARN_ABOUT_RETURN_TYPE = YES_ERROR;
				GCC_WARN_UNDECLARED_SELECTOR = YES;
				GCC_WARN_UNINITIALIZED_AUTOS = YES_AGGRESSIVE;
				GCC_WARN_UNUSED_FUNCTION = YES;
				GCC_WARN_UNUSED_VARIABLE = YES;
				IPHONEOS_DEPLOYMENT_TARGET = 17.4;
				LOCALIZATION_PREFERS_STRING_CATALOGS = YES;
				MTL_ENABLE_DEBUG_INFO = NO;
				MTL_FAST_MATH = YES;
				SDKROOT = iphoneos;
				SWIFT_COMPILATION_MODE = wholemodule;
				VALIDATE_PRODUCT = YES;
			};
			name = Release;
		};
		0DC96F842BCA37E80007C2EE /* Debug */ = {
			isa = XCBuildConfiguration;
			buildSettings = {
				ASSETCATALOG_COMPILER_APPICON_NAME = AppIcon;
				ASSETCATALOG_COMPILER_GLOBAL_ACCENT_COLOR_NAME = AccentColor;
				CODE_SIGN_STYLE = Automatic;
				CURRENT_PROJECT_VERSION = 1;
				GENERATE_INFOPLIST_FILE = YES;
				INFOPLIST_FILE = MoMo/Resource/Info.plist;
				INFOPLIST_KEY_UIApplicationSupportsIndirectInputEvents = YES;
				INFOPLIST_KEY_UILaunchStoryboardName = LaunchScreen;
				INFOPLIST_KEY_UISupportedInterfaceOrientations_iPad = "UIInterfaceOrientationPortrait UIInterfaceOrientationPortraitUpsideDown UIInterfaceOrientationLandscapeLeft UIInterfaceOrientationLandscapeRight";
				INFOPLIST_KEY_UISupportedInterfaceOrientations_iPhone = "UIInterfaceOrientationPortrait UIInterfaceOrientationLandscapeLeft UIInterfaceOrientationLandscapeRight";
				LD_RUNPATH_SEARCH_PATHS = (
					"$(inherited)",
					"@executable_path/Frameworks",
				);
				MARKETING_VERSION = 1.0;
				PRODUCT_BUNDLE_IDENTIFIER = com.kahlua.MoMo;
				PRODUCT_NAME = "$(TARGET_NAME)";
				SWIFT_EMIT_LOC_STRINGS = YES;
				SWIFT_VERSION = 5.0;
				TARGETED_DEVICE_FAMILY = "1,2";
			};
			name = Debug;
		};
		0DC96F852BCA37E80007C2EE /* Release */ = {
			isa = XCBuildConfiguration;
			buildSettings = {
				ASSETCATALOG_COMPILER_APPICON_NAME = AppIcon;
				ASSETCATALOG_COMPILER_GLOBAL_ACCENT_COLOR_NAME = AccentColor;
				CODE_SIGN_STYLE = Automatic;
				CURRENT_PROJECT_VERSION = 1;
				GENERATE_INFOPLIST_FILE = YES;
				INFOPLIST_FILE = MoMo/Resource/Info.plist;
				INFOPLIST_KEY_UIApplicationSupportsIndirectInputEvents = YES;
				INFOPLIST_KEY_UILaunchStoryboardName = LaunchScreen;
				INFOPLIST_KEY_UISupportedInterfaceOrientations_iPad = "UIInterfaceOrientationPortrait UIInterfaceOrientationPortraitUpsideDown UIInterfaceOrientationLandscapeLeft UIInterfaceOrientationLandscapeRight";
				INFOPLIST_KEY_UISupportedInterfaceOrientations_iPhone = "UIInterfaceOrientationPortrait UIInterfaceOrientationLandscapeLeft UIInterfaceOrientationLandscapeRight";
				LD_RUNPATH_SEARCH_PATHS = (
					"$(inherited)",
					"@executable_path/Frameworks",
				);
				MARKETING_VERSION = 1.0;
				PRODUCT_BUNDLE_IDENTIFIER = com.kahlua.MoMo;
				PRODUCT_NAME = "$(TARGET_NAME)";
				SWIFT_EMIT_LOC_STRINGS = YES;
				SWIFT_VERSION = 5.0;
				TARGETED_DEVICE_FAMILY = "1,2";
			};
			name = Release;
		};
/* End XCBuildConfiguration section */

/* Begin XCConfigurationList section */
		0DC96F6A2BCA37E70007C2EE /* Build configuration list for PBXProject "MoMo" */ = {
			isa = XCConfigurationList;
			buildConfigurations = (
				0DC96F812BCA37E80007C2EE /* Debug */,
				0DC96F822BCA37E80007C2EE /* Release */,
			);
			defaultConfigurationIsVisible = 0;
			defaultConfigurationName = Release;
		};
		0DC96F832BCA37E80007C2EE /* Build configuration list for PBXNativeTarget "MoMo" */ = {
			isa = XCConfigurationList;
			buildConfigurations = (
				0DC96F842BCA37E80007C2EE /* Debug */,
				0DC96F852BCA37E80007C2EE /* Release */,
			);
			defaultConfigurationIsVisible = 0;
			defaultConfigurationName = Release;
		};
/* End XCConfigurationList section */

/* Begin XCRemoteSwiftPackageReference section */
		0DC96F942BCA51320007C2EE /* XCRemoteSwiftPackageReference "SnapKit" */ = {
			isa = XCRemoteSwiftPackageReference;
			repositoryURL = "https://github.com/SnapKit/SnapKit.git";
			requirement = {
				kind = upToNextMajorVersion;
				minimumVersion = 5.7.1;
			};
		};
		0DC96F972BCA513F0007C2EE /* XCRemoteSwiftPackageReference "Then" */ = {
			isa = XCRemoteSwiftPackageReference;
			repositoryURL = "https://github.com/devxoul/Then.git";
			requirement = {
				kind = upToNextMajorVersion;
				minimumVersion = 3.0.0;
			};
		};
		0DC96F9A2BCA51B70007C2EE /* XCRemoteSwiftPackageReference "Moya" */ = {
			isa = XCRemoteSwiftPackageReference;
			repositoryURL = "https://github.com/Moya/Moya.git";
			requirement = {
				kind = upToNextMajorVersion;
				minimumVersion = 15.0.3;
			};
		};
		0DC96FDF2BCA79590007C2EE /* XCRemoteSwiftPackageReference "lottie-ios" */ = {
			isa = XCRemoteSwiftPackageReference;
			repositoryURL = "https://github.com/airbnb/lottie-ios.git";
			requirement = {
				kind = upToNextMajorVersion;
				minimumVersion = 4.4.2;
			};
		};
/* End XCRemoteSwiftPackageReference section */

/* Begin XCSwiftPackageProductDependency section */
		0DC96F952BCA51320007C2EE /* SnapKit */ = {
			isa = XCSwiftPackageProductDependency;
			package = 0DC96F942BCA51320007C2EE /* XCRemoteSwiftPackageReference "SnapKit" */;
			productName = SnapKit;
		};
		0DC96F982BCA513F0007C2EE /* Then */ = {
			isa = XCSwiftPackageProductDependency;
			package = 0DC96F972BCA513F0007C2EE /* XCRemoteSwiftPackageReference "Then" */;
			productName = Then;
		};
		0DC96F9B2BCA51B70007C2EE /* CombineMoya */ = {
			isa = XCSwiftPackageProductDependency;
			package = 0DC96F9A2BCA51B70007C2EE /* XCRemoteSwiftPackageReference "Moya" */;
			productName = CombineMoya;
		};
		0DC96F9D2BCA51B70007C2EE /* Moya */ = {
			isa = XCSwiftPackageProductDependency;
			package = 0DC96F9A2BCA51B70007C2EE /* XCRemoteSwiftPackageReference "Moya" */;
			productName = Moya;
		};
		0DC96FE42BCA7A1E0007C2EE /* Lottie */ = {
			isa = XCSwiftPackageProductDependency;
			package = 0DC96FDF2BCA79590007C2EE /* XCRemoteSwiftPackageReference "lottie-ios" */;
			productName = Lottie;
		};
/* End XCSwiftPackageProductDependency section */
	};
	rootObject = 0DC96F672BCA37E70007C2EE /* Project object */;
}
